# THIS IS AN AUTOGENERATED FILE. DO NOT EDIT THIS FILE DIRECTLY.
# yarn lockfile v1


react-native-jw-media-player-applicaster@0.0.2:
  version "0.0.2"
  resolved "https://registry.yarnpkg.com/react-native-jw-media-player-applicaster/-/react-native-jw-media-player-applicaster-0.0.2.tgz#d398fad5552bc49ff7c7cdbe7da5bb03fc54859b"
  integrity sha512-Sstz5wlIS1F+XBSnoqpjtLzXgXtlaY003sUfDUHAnvIiNQzvnnbzhnV+BAroWwi7tvMRa+5jUiZ2YMKWugImbQ==
